
Microsoft Visual Studio Solution File, Format Version 12.00
# Visual Studio 14
VisualStudioVersion = 14.0.23107.0
MinimumVisualStudioVersion = 10.0.40219.1
Project("{2150E333-8FDC-42A3-9474-1A3956D46DE8}") = "sample", "sample", "{877F6603-5E03-400D-8F57-3202F92F1FFE}"
EndProject
Project("{8BC9CEB8-8B4A-11D0-8D11-00A0C91BC942}") = "sample_vector", "sample\sample_vector\sample_vector.vcxproj", "{8A6EF2E4-3EC7-49A4-BD08-61B1B8CBF98B}"
EndProject
Project("{8BC9CEB8-8B4A-11D0-8D11-00A0C91BC942}") = "ZTL", "ZTL\ZTL.vcxproj", "{D7E107C6-7A6F-4826-8080-910A53935961}"
EndProject
Project("{8BC9CEB8-8B4A-11D0-8D11-00A0C91BC942}") = "sample_map", "sample\sample_map\sample_map.vcxproj", "{70A33889-56D8-43EC-82AC-D060D7B19752}"
EndProject
Project("{8BC9CEB8-8B4A-11D0-8D11-00A0C91BC942}") = "sample_RBtree", "sample\sample_RBtree\sample_RBtree.vcxproj", "{1F0AF374-EB71-4A9B-82E2-791FC1618B4E}"
EndProject
Project("{8BC9CEB8-8B4A-11D0-8D11-00A0C91BC942}") = "sample_graph", "sample\sample_graph\sample_graph.vcxproj", "{9140C545-83A5-4CE5-8245-5B0282FE1279}"
EndProject
Project("{8BC9CEB8-8B4A-11D0-8D11-00A0C91BC942}") = "sample_fibonacci_heap", "sample\sample_fibonacci_heap\sample_fibonacci_heap.vcxproj", "{691B41EB-E4C8-43E4-86E2-B7AF042EE90C}"
EndProject
Project("{8BC9CEB8-8B4A-11D0-8D11-00A0C91BC942}") = "sample_network_flows", "sample\sample_network_flows\sample_network_flows.vcxproj", "{0CB97361-3441-4C6C-80E0-BDC29016FB9A}"
EndProject
Project("{8BC9CEB8-8B4A-11D0-8D11-00A0C91BC942}") = "sample_tree_base", "sample\sample_tree_base\sample_tree_base.vcxproj", "{5BBFCC75-7A75-4854-BCCF-D00AE44ED3D4}"
EndProject
Project("{8BC9CEB8-8B4A-11D0-8D11-00A0C91BC942}") = "sample_sort", "sample\sample_sort\sample_sort.vcxproj", "{81082387-056D-4824-B82E-DA9E63E03D46}"
EndProject
Project("{8BC9CEB8-8B4A-11D0-8D11-00A0C91BC942}") = "sample_allocator_test", "sample\sample_allocator_test\sample_allocator_test.vcxproj", "{44BA3BEF-A0DA-4D14-98BF-469E08FC173B}"
EndProject
Project("{8BC9CEB8-8B4A-11D0-8D11-00A0C91BC942}") = "sample_list", "sample\sample_list\sample_list.vcxproj", "{FC094CCC-EAC7-4E5D-883B-E5767D85C227}"
EndProject
Project("{8BC9CEB8-8B4A-11D0-8D11-00A0C91BC942}") = "sample_stack", "sample\sample_stack\sample_stack.vcxproj", "{CA21BFDC-755C-41C4-A5A6-53ABCF5B19CA}"
EndProject
Project("{8BC9CEB8-8B4A-11D0-8D11-00A0C91BC942}") = "sample_thread", "sample\sample_thread\sample_thread.vcxproj", "{0AE782B9-BCDC-44D1-8693-B574236D1190}"
EndProject
Project("{8BC9CEB8-8B4A-11D0-8D11-00A0C91BC942}") = "sample_parallel", "sample\sample_parallel\sample_parallel.vcxproj", "{6D9436FD-4A8A-4B51-AAB2-58C86CF2E1DC}"
EndProject
Global
	GlobalSection(SolutionConfigurationPlatforms) = preSolution
		Debug|Win32 = Debug|Win32
		Debug|x64 = Debug|x64
		Release|Win32 = Release|Win32
		Release|x64 = Release|x64
	EndGlobalSection
	GlobalSection(ProjectConfigurationPlatforms) = postSolution
		{8A6EF2E4-3EC7-49A4-BD08-61B1B8CBF98B}.Debug|Win32.ActiveCfg = Debug|Win32
		{8A6EF2E4-3EC7-49A4-BD08-61B1B8CBF98B}.Debug|x64.ActiveCfg = Debug|Win32
		{8A6EF2E4-3EC7-49A4-BD08-61B1B8CBF98B}.Release|Win32.ActiveCfg = Release|Win32
		{8A6EF2E4-3EC7-49A4-BD08-61B1B8CBF98B}.Release|Win32.Build.0 = Release|Win32
		{8A6EF2E4-3EC7-49A4-BD08-61B1B8CBF98B}.Release|x64.ActiveCfg = Release|Win32
		{D7E107C6-7A6F-4826-8080-910A53935961}.Debug|Win32.ActiveCfg = Debug|Win32
		{D7E107C6-7A6F-4826-8080-910A53935961}.Debug|Win32.Build.0 = Debug|Win32
		{D7E107C6-7A6F-4826-8080-910A53935961}.Debug|x64.ActiveCfg = Debug|Win32
		{D7E107C6-7A6F-4826-8080-910A53935961}.Release|Win32.ActiveCfg = Release|Win32
		{D7E107C6-7A6F-4826-8080-910A53935961}.Release|Win32.Build.0 = Release|Win32
		{D7E107C6-7A6F-4826-8080-910A53935961}.Release|x64.ActiveCfg = Release|Win32
		{70A33889-56D8-43EC-82AC-D060D7B19752}.Debug|Win32.ActiveCfg = Debug|Win32
		{70A33889-56D8-43EC-82AC-D060D7B19752}.Debug|x64.ActiveCfg = Debug|Win32
		{70A33889-56D8-43EC-82AC-D060D7B19752}.Release|Win32.ActiveCfg = Release|Win32
		{70A33889-56D8-43EC-82AC-D060D7B19752}.Release|Win32.Build.0 = Release|Win32
		{70A33889-56D8-43EC-82AC-D060D7B19752}.Release|x64.ActiveCfg = Release|Win32
		{1F0AF374-EB71-4A9B-82E2-791FC1618B4E}.Debug|Win32.ActiveCfg = Debug|Win32
		{1F0AF374-EB71-4A9B-82E2-791FC1618B4E}.Debug|x64.ActiveCfg = Debug|Win32
		{1F0AF374-EB71-4A9B-82E2-791FC1618B4E}.Release|Win32.ActiveCfg = Release|Win32
		{1F0AF374-EB71-4A9B-82E2-791FC1618B4E}.Release|Win32.Build.0 = Release|Win32
		{1F0AF374-EB71-4A9B-82E2-791FC1618B4E}.Release|x64.ActiveCfg = Release|Win32
		{9140C545-83A5-4CE5-8245-5B0282FE1279}.Debug|Win32.ActiveCfg = Debug|Win32
		{9140C545-83A5-4CE5-8245-5B0282FE1279}.Debug|x64.ActiveCfg = Debug|Win32
		{9140C545-83A5-4CE5-8245-5B0282FE1279}.Release|Win32.ActiveCfg = Release|Win32
		{9140C545-83A5-4CE5-8245-5B0282FE1279}.Release|Win32.Build.0 = Release|Win32
		{9140C545-83A5-4CE5-8245-5B0282FE1279}.Release|x64.ActiveCfg = Release|Win32
		{691B41EB-E4C8-43E4-86E2-B7AF042EE90C}.Debug|Win32.ActiveCfg = Debug|Win32
		{691B41EB-E4C8-43E4-86E2-B7AF042EE90C}.Debug|x64.ActiveCfg = Debug|Win32
		{691B41EB-E4C8-43E4-86E2-B7AF042EE90C}.Release|Win32.ActiveCfg = Release|Win32
		{691B41EB-E4C8-43E4-86E2-B7AF042EE90C}.Release|Win32.Build.0 = Release|Win32
		{691B41EB-E4C8-43E4-86E2-B7AF042EE90C}.Release|x64.ActiveCfg = Release|Win32
		{0CB97361-3441-4C6C-80E0-BDC29016FB9A}.Debug|Win32.ActiveCfg = Debug|Win32
		{0CB97361-3441-4C6C-80E0-BDC29016FB9A}.Debug|x64.ActiveCfg = Debug|Win32
		{0CB97361-3441-4C6C-80E0-BDC29016FB9A}.Release|Win32.ActiveCfg = Release|Win32
		{0CB97361-3441-4C6C-80E0-BDC29016FB9A}.Release|Win32.Build.0 = Release|Win32
		{0CB97361-3441-4C6C-80E0-BDC29016FB9A}.Release|x64.ActiveCfg = Release|Win32
		{5BBFCC75-7A75-4854-BCCF-D00AE44ED3D4}.Debug|Win32.ActiveCfg = Debug|Win32
		{5BBFCC75-7A75-4854-BCCF-D00AE44ED3D4}.Debug|x64.ActiveCfg = Debug|Win32
		{5BBFCC75-7A75-4854-BCCF-D00AE44ED3D4}.Release|Win32.ActiveCfg = Release|Win32
		{5BBFCC75-7A75-4854-BCCF-D00AE44ED3D4}.Release|Win32.Build.0 = Release|Win32
		{5BBFCC75-7A75-4854-BCCF-D00AE44ED3D4}.Release|x64.ActiveCfg = Release|Win32
		{81082387-056D-4824-B82E-DA9E63E03D46}.Debug|Win32.ActiveCfg = Debug|Win32
		{81082387-056D-4824-B82E-DA9E63E03D46}.Debug|x64.ActiveCfg = Debug|Win32
		{81082387-056D-4824-B82E-DA9E63E03D46}.Release|Win32.ActiveCfg = Release|Win32
		{81082387-056D-4824-B82E-DA9E63E03D46}.Release|Win32.Build.0 = Release|Win32
		{81082387-056D-4824-B82E-DA9E63E03D46}.Release|x64.ActiveCfg = Release|Win32
		{44BA3BEF-A0DA-4D14-98BF-469E08FC173B}.Debug|Win32.ActiveCfg = Debug|Win32
		{44BA3BEF-A0DA-4D14-98BF-469E08FC173B}.Debug|x64.ActiveCfg = Debug|x64
		{44BA3BEF-A0DA-4D14-98BF-469E08FC173B}.Debug|x64.Build.0 = Debug|x64
		{44BA3BEF-A0DA-4D14-98BF-469E08FC173B}.Release|Win32.ActiveCfg = Release|Win32
		{44BA3BEF-A0DA-4D14-98BF-469E08FC173B}.Release|Win32.Build.0 = Release|Win32
		{44BA3BEF-A0DA-4D14-98BF-469E08FC173B}.Release|x64.ActiveCfg = Release|x64
		{44BA3BEF-A0DA-4D14-98BF-469E08FC173B}.Release|x64.Build.0 = Release|x64
		{FC094CCC-EAC7-4E5D-883B-E5767D85C227}.Debug|Win32.ActiveCfg = Debug|Win32
		{FC094CCC-EAC7-4E5D-883B-E5767D85C227}.Debug|x64.ActiveCfg = Debug|x64
		{FC094CCC-EAC7-4E5D-883B-E5767D85C227}.Debug|x64.Build.0 = Debug|x64
		{FC094CCC-EAC7-4E5D-883B-E5767D85C227}.Release|Win32.ActiveCfg = Release|Win32
		{FC094CCC-EAC7-4E5D-883B-E5767D85C227}.Release|Win32.Build.0 = Release|Win32
		{FC094CCC-EAC7-4E5D-883B-E5767D85C227}.Release|x64.ActiveCfg = Release|x64
		{FC094CCC-EAC7-4E5D-883B-E5767D85C227}.Release|x64.Build.0 = Release|x64
		{CA21BFDC-755C-41C4-A5A6-53ABCF5B19CA}.Debug|Win32.ActiveCfg = Debug|Win32
		{CA21BFDC-755C-41C4-A5A6-53ABCF5B19CA}.Debug|x64.ActiveCfg = Debug|x64
		{CA21BFDC-755C-41C4-A5A6-53ABCF5B19CA}.Debug|x64.Build.0 = Debug|x64
		{CA21BFDC-755C-41C4-A5A6-53ABCF5B19CA}.Release|Win32.ActiveCfg = Release|Win32
		{CA21BFDC-755C-41C4-A5A6-53ABCF5B19CA}.Release|Win32.Build.0 = Release|Win32
		{CA21BFDC-755C-41C4-A5A6-53ABCF5B19CA}.Release|x64.ActiveCfg = Release|x64
		{CA21BFDC-755C-41C4-A5A6-53ABCF5B19CA}.Release|x64.Build.0 = Release|x64
		{0AE782B9-BCDC-44D1-8693-B574236D1190}.Debug|Win32.ActiveCfg = Debug|Win32
		{0AE782B9-BCDC-44D1-8693-B574236D1190}.Debug|x64.ActiveCfg = Debug|x64
		{0AE782B9-BCDC-44D1-8693-B574236D1190}.Debug|x64.Build.0 = Debug|x64
		{0AE782B9-BCDC-44D1-8693-B574236D1190}.Release|Win32.ActiveCfg = Release|Win32
		{0AE782B9-BCDC-44D1-8693-B574236D1190}.Release|Win32.Build.0 = Release|Win32
		{0AE782B9-BCDC-44D1-8693-B574236D1190}.Release|x64.ActiveCfg = Release|x64
		{0AE782B9-BCDC-44D1-8693-B574236D1190}.Release|x64.Build.0 = Release|x64
		{6D9436FD-4A8A-4B51-AAB2-58C86CF2E1DC}.Debug|Win32.ActiveCfg = Debug|Win32
		{6D9436FD-4A8A-4B51-AAB2-58C86CF2E1DC}.Debug|x64.ActiveCfg = Debug|x64
		{6D9436FD-4A8A-4B51-AAB2-58C86CF2E1DC}.Debug|x64.Build.0 = Debug|x64
		{6D9436FD-4A8A-4B51-AAB2-58C86CF2E1DC}.Release|Win32.ActiveCfg = Release|Win32
		{6D9436FD-4A8A-4B51-AAB2-58C86CF2E1DC}.Release|Win32.Build.0 = Release|Win32
		{6D9436FD-4A8A-4B51-AAB2-58C86CF2E1DC}.Release|x64.ActiveCfg = Release|x64
		{6D9436FD-4A8A-4B51-AAB2-58C86CF2E1DC}.Release|x64.Build.0 = Release|x64
	EndGlobalSection
	GlobalSection(SolutionProperties) = preSolution
		HideSolutionNode = FALSE
	EndGlobalSection
	GlobalSection(NestedProjects) = preSolution
		{8A6EF2E4-3EC7-49A4-BD08-61B1B8CBF98B} = {877F6603-5E03-400D-8F57-3202F92F1FFE}
		{70A33889-56D8-43EC-82AC-D060D7B19752} = {877F6603-5E03-400D-8F57-3202F92F1FFE}
		{1F0AF374-EB71-4A9B-82E2-791FC1618B4E} = {877F6603-5E03-400D-8F57-3202F92F1FFE}
		{9140C545-83A5-4CE5-8245-5B0282FE1279} = {877F6603-5E03-400D-8F57-3202F92F1FFE}
		{691B41EB-E4C8-43E4-86E2-B7AF042EE90C} = {877F6603-5E03-400D-8F57-3202F92F1FFE}
		{0CB97361-3441-4C6C-80E0-BDC29016FB9A} = {877F6603-5E03-400D-8F57-3202F92F1FFE}
		{5BBFCC75-7A75-4854-BCCF-D00AE44ED3D4} = {877F6603-5E03-400D-8F57-3202F92F1FFE}
		{81082387-056D-4824-B82E-DA9E63E03D46} = {877F6603-5E03-400D-8F57-3202F92F1FFE}
		{44BA3BEF-A0DA-4D14-98BF-469E08FC173B} = {877F6603-5E03-400D-8F57-3202F92F1FFE}
		{FC094CCC-EAC7-4E5D-883B-E5767D85C227} = {877F6603-5E03-400D-8F57-3202F92F1FFE}
		{CA21BFDC-755C-41C4-A5A6-53ABCF5B19CA} = {877F6603-5E03-400D-8F57-3202F92F1FFE}
		{0AE782B9-BCDC-44D1-8693-B574236D1190} = {877F6603-5E03-400D-8F57-3202F92F1FFE}
		{6D9436FD-4A8A-4B51-AAB2-58C86CF2E1DC} = {877F6603-5E03-400D-8F57-3202F92F1FFE}
	EndGlobalSection
EndGlobal
