<?xml version="1.0" encoding="utf-8"?>
<Project ToolsVersion="4.0" xmlns="http://schemas.microsoft.com/developer/msbuild/2003">
  <ItemGroup>
    <Filter Include="源文件">
      <UniqueIdentifier>{4FC737F1-C7A5-4376-A066-2A32D752A2FF}</UniqueIdentifier>
      <Extensions>cpp;c;cc;cxx;def;odl;idl;hpj;bat;asm;asmx</Extensions>
    </Filter>
    <Filter Include="头文件">
      <UniqueIdentifier>{93995380-89BD-4b04-88EB-625FBE52EBFB}</UniqueIdentifier>
      <Extensions>h;hh;hpp;hxx;hm;inl;inc;xsd</Extensions>
    </Filter>
    <Filter Include="资源文件">
      <UniqueIdentifier>{67DA6AB6-F800-4c08-8B7A-83BB121AAD01}</UniqueIdentifier>
      <Extensions>rc;ico;cur;bmp;dlg;rc2;rct;bin;rgs;gif;jpg;jpeg;jpe;resx;tiff;tif;png;wav;mfcribbon-ms</Extensions>
    </Filter>
  </ItemGroup>
  <ItemGroup>
    <ClInclude Include="ztl_algorithm.hpp">
      <Filter>头文件</Filter>
    </ClInclude>
    <ClInclude Include="ztl_allocator.hpp">
      <Filter>头文件</Filter>
    </ClInclude>
    <ClInclude Include="ztl_AVLtree.hpp">
      <Filter>头文件</Filter>
    </ClInclude>
    <ClInclude Include="ztl_base.hpp">
      <Filter>头文件</Filter>
    </ClInclude>
    <ClInclude Include="ztl_construct.hpp">
      <Filter>头文件</Filter>
    </ClInclude>
    <ClInclude Include="ztl_deque.hpp">
      <Filter>头文件</Filter>
    </ClInclude>
    <ClInclude Include="ztl_fibonacci_heap.hpp">
      <Filter>头文件</Filter>
    </ClInclude>
    <ClInclude Include="ztl_forward_list.hpp">
      <Filter>头文件</Filter>
    </ClInclude>
    <ClInclude Include="ztl_graph.hpp">
      <Filter>头文件</Filter>
    </ClInclude>
    <ClInclude Include="ztl_graph_base.hpp">
      <Filter>头文件</Filter>
    </ClInclude>
    <ClInclude Include="ztl_hashtable.hpp">
      <Filter>头文件</Filter>
    </ClInclude>
    <ClInclude Include="ztl_iterator.hpp">
      <Filter>头文件</Filter>
    </ClInclude>
    <ClInclude Include="ztl_list.hpp">
      <Filter>头文件</Filter>
    </ClInclude>
    <ClInclude Include="ztl_network_flows.hpp">
      <Filter>头文件</Filter>
    </ClInclude>
    <ClInclude Include="ztl_memory.hpp">
      <Filter>头文件</Filter>
    </ClInclude>
    <ClInclude Include="ztl_map.hpp">
      <Filter>头文件</Filter>
    </ClInclude>
    <ClInclude Include="ztl_queue.hpp">
      <Filter>头文件</Filter>
    </ClInclude>
    <ClInclude Include="ztl_splay_tree.hpp">
      <Filter>头文件</Filter>
    </ClInclude>
    <ClInclude Include="ztl_uninitialized.hpp">
      <Filter>头文件</Filter>
    </ClInclude>
    <ClInclude Include="ztl_vector.hpp">
      <Filter>头文件</Filter>
    </ClInclude>
    <ClInclude Include="ztl_vEBtree.hpp">
      <Filter>头文件</Filter>
    </ClInclude>
    <ClInclude Include="ztl_tuple.hpp">
      <Filter>头文件</Filter>
    </ClInclude>
    <ClInclude Include="ztl_tree_base.hpp">
      <Filter>头文件</Filter>
    </ClInclude>
    <ClInclude Include="ztl_stack.hpp">
      <Filter>头文件</Filter>
    </ClInclude>
    <ClInclude Include="ztl_template.hpp">
      <Filter>头文件</Filter>
    </ClInclude>
    <ClInclude Include="ztl_set.hpp">
      <Filter>头文件</Filter>
    </ClInclude>
    <ClInclude Include="ztl_RBtree.hpp">
      <Filter>头文件</Filter>
    </ClInclude>
    <ClInclude Include="ztl_SBtree.hpp">
      <Filter>头文件</Filter>
    </ClInclude>
    <ClInclude Include="ztl_string.hpp">
      <Filter>头文件</Filter>
    </ClInclude>
    <ClInclude Include="ztl_thread.hpp">
      <Filter>头文件</Filter>
    </ClInclude>
    <ClInclude Include="ztl_parallel.hpp">
      <Filter>头文件</Filter>
    </ClInclude>
    <ClInclude Include="ztl_functional.hpp">
      <Filter>头文件</Filter>
    </ClInclude>
    <ClInclude Include="ztl_largenum.hpp">
      <Filter>头文件</Filter>
    </ClInclude>
  </ItemGroup>
  <ItemGroup>
    <ClCompile Include="main.cpp">
      <Filter>源文件</Filter>
    </ClCompile>
  </ItemGroup>
</Project>